
Microsoft Visual Studio Solution File, Format Version 12.00
# Visual Studio Version 16
VisualStudioVersion = 16.0.30114.105
MinimumVisualStudioVersion = 10.0.40219.1
Project("{FAE04EC0-301F-11D3-BF4B-00C04F79EFBC}") = "Monkey", "src\Monkey.csproj", "{E4AC3852-CF8D-4A61-A186-8D68F0E2B6E0}"
EndProject
Global
	GlobalSection(SolutionConfigurationPlatforms) = preSolution
		Debug|Any CPU = Debug|Any CPU
		Release|Any CPU = Release|Any CPU
	EndGlobalSection
	GlobalSection(SolutionProperties) = preSolution
		HideSolutionNode = FALSE
	EndGlobalSection
	GlobalSection(ProjectConfigurationPlatforms) = postSolution
		{E4AC3852-CF8D-4A61-A186-8D68F0E2B6E0}.Debug|Any CPU.ActiveCfg = Debug|Any CPU
		{E4AC3852-CF8D-4A61-A186-8D68F0E2B6E0}.Debug|Any CPU.Build.0 = Debug|Any CPU
		{E4AC3852-CF8D-4A61-A186-8D68F0E2B6E0}.Release|Any CPU.ActiveCfg = Release|Any CPU
		{E4AC3852-CF8D-4A61-A186-8D68F0E2B6E0}.Release|Any CPU.Build.0 = Release|Any CPU
	EndGlobalSection
EndGlobal
